{
    "_readme": [
        "This file locks the dependencies of your project to a known state",
        "Read more about it at https://getcomposer.org/doc/01-basic-usage.md#installing-dependencies",
        "This file is @generated automatically"
    ],
    "content-hash": "f05a0b21d6e5b9cc82a3eb1e7f6c4542",
    "packages": [
        {
            "name": "kbjr/git.php",
            "version": "0.2.0",
            "source": {
                "type": "git",
                "url": "https://github.com/kbjr/git.php",
                "reference": "master"
            },
            "type": "library"
        }
    ],
    "packages-dev": [],
    "aliases": [],
    "minimum-stability": "stable",
    "stability-flags": [],
    "prefer-stable": false,
    "prefer-lowest": false,
    "platform": {
        "php": ">=7.2.5"
    },
    "platform-dev": [],
    "plugin-api-version": "2.3.0"
}
